
Microsoft Visual Studio Solution File, Format Version 12.00
# Visual Studio Version 17
VisualStudioVersion = 17.0.31903.59
MinimumVisualStudioVersion = 10.0.40219.1
Project("{2150E333-8FDC-42A3-9474-1A3956D46DE8}") = "Exercicios_Logica", "Exercicios_Logica", "{4A199B65-BCA1-4233-8D6F-5D4BD8D29A8C}"
EndProject
Project("{2150E333-8FDC-42A3-9474-1A3956D46DE8}") = "Ex02 - calculo de estoque", "Ex02 - calculo de estoque", "{29584113-1658-4E3A-BC29-F58A078BD560}"
EndProject
Project("{FAE04EC0-301F-11D3-BF4B-00C04F79EFBC}") = "Estoque", "Exercicios_Logica\Ex02 - calculo de estoque\Estoque\Estoque.csproj", "{98508DEC-7DCD-4381-BF0C-79EFDAD66C89}"
EndProject
Project("{2150E333-8FDC-42A3-9474-1A3956D46DE8}") = "Ex03 - comissao", "Ex03 - comissao", "{D8B1B583-39B7-4FA3-89ED-DF5EA2C98BEB}"
EndProject
Project("{FAE04EC0-301F-11D3-BF4B-00C04F79EFBC}") = "Comissao", "Exercicios_Logica\Ex03 - comissao\Comissao\Comissao.csproj", "{EB311FDB-A432-484A-B9C1-EC9CEEEE082C}"
EndProject
Project("{2150E333-8FDC-42A3-9474-1A3956D46DE8}") = "Ex04 - propriedade distri", "Ex04 - propriedade distri", "{2994A4F6-48E2-41EF-B356-6EB57B569272}"
EndProject
Project("{FAE04EC0-301F-11D3-BF4B-00C04F79EFBC}") = "PropDist", "Exercicios_Logica\Ex04 - propriedade distri\PropDist\PropDist.csproj", "{8608C35E-74D0-4DA8-A7D7-12C194DA015D}"
EndProject
Project("{2150E333-8FDC-42A3-9474-1A3956D46DE8}") = "Ex05 - calculo de litros", "Ex05 - calculo de litros", "{2607EEA7-F3D0-4874-A62B-1E4E2F60C9E7}"
EndProject
Project("{FAE04EC0-301F-11D3-BF4B-00C04F79EFBC}") = "Calculo de litros", "Exercicios_Logica\Ex05 - calculo de litros\Calculo de litros\Calculo de litros.csproj", "{F2E76AFA-5D21-43FB-ABA5-402E41F0B5B9}"
EndProject
Project("{2150E333-8FDC-42A3-9474-1A3956D46DE8}") = "Ex06 - calculo de temperatura", "Ex06 - calculo de temperatura", "{686926A6-E5CE-49DA-AEE8-8B63CB9A187F}"
EndProject
Project("{FAE04EC0-301F-11D3-BF4B-00C04F79EFBC}") = "CalculoTemperatura", "Exercicios_Logica\Ex06 - calculo de temperatura\CalculoTemperatura\CalculoTemperatura.csproj", "{BCC67374-ABA1-41EE-BE5C-BA25A80BBBBD}"
EndProject
Project("{2150E333-8FDC-42A3-9474-1A3956D46DE8}") = "Ex07 - calculo de volume", "Ex07 - calculo de volume", "{23A99F68-C6DC-4164-8060-427384B9E732}"
EndProject
Project("{FAE04EC0-301F-11D3-BF4B-00C04F79EFBC}") = "CalculoVolume", "Exercicios_Logica\Ex07 - calculo de volume\CalculoVolume\CalculoVolume.csproj", "{1D208A61-C33F-4D5B-B601-409324D013FB}"
EndProject
Project("{2150E333-8FDC-42A3-9474-1A3956D46DE8}") = "Ex08 - calculo idade", "Ex08 - calculo idade", "{416B368D-EC71-48FE-B4E9-7344AD8C3816}"
EndProject
Project("{FAE04EC0-301F-11D3-BF4B-00C04F79EFBC}") = "CalculoIdade", "Exercicios_Logica\Ex08 - calculo idade\CalculoIdade\CalculoIdade.csproj", "{78F27443-E141-4F18-8C11-B3FBE32BED57}"
EndProject
Project("{2150E333-8FDC-42A3-9474-1A3956D46DE8}") = "ex09 - valores relacionados", "ex09 - valores relacionados", "{333AA315-4C94-4523-BA22-E36083235D42}"
EndProject
Project("{FAE04EC0-301F-11D3-BF4B-00C04F79EFBC}") = "ValoresRelacionados", "Exercicios_Logica\ex09 - valores relacionados\ValoresRelacionados\ValoresRelacionados.csproj", "{B80A79DA-49EF-496E-B7CB-8C2EBE521144}"
EndProject
Project("{2150E333-8FDC-42A3-9474-1A3956D46DE8}") = "ex10 - verificador de idade", "ex10 - verificador de idade", "{318F4360-3984-44B5-A990-1DBC33B0AEB2}"
EndProject
Project("{FAE04EC0-301F-11D3-BF4B-00C04F79EFBC}") = "VerificadorIdade", "Exercicios_Logica\ex10 - verificador de idade\VerificadorIdade\VerificadorIdade.csproj", "{E97F7DDE-2654-46EC-81C5-FE87E2AB41EE}"
EndProject
Project("{2150E333-8FDC-42A3-9474-1A3956D46DE8}") = "ex11 - média salarial", "ex11 - média salarial", "{ADCDB791-C964-4D5E-97EC-22D71A48D50E}"
EndProject
Project("{FAE04EC0-301F-11D3-BF4B-00C04F79EFBC}") = "mediaSalarial", "Exercicios_Logica\ex11 - média salarial\mediaSalarial\mediaSalarial.csproj", "{ECF5DB07-7EEB-4F96-BA77-3E596EF5BC60}"
EndProject
Project("{2150E333-8FDC-42A3-9474-1A3956D46DE8}") = "ex12 - impares", "ex12 - impares", "{C51CB2E5-CA36-4999-B5F5-299726CAF6A7}"
EndProject
Project("{FAE04EC0-301F-11D3-BF4B-00C04F79EFBC}") = "impares", "Exercicios_Logica\ex12 - impares\impares\impares.csproj", "{723C4060-8255-42B5-A308-A264DA45F9BE}"
EndProject
Project("{2150E333-8FDC-42A3-9474-1A3956D46DE8}") = "ex13 - comparador intervalo", "ex13 - comparador intervalo", "{5AE0E688-58AA-4127-B80E-54E57D4F4A8B}"
EndProject
Project("{FAE04EC0-301F-11D3-BF4B-00C04F79EFBC}") = "comparadorIntervalo", "Exercicios_Logica\ex13 - comparador intervalo\comparadorIntervalo\comparadorIntervalo.csproj", "{4D681B3D-2358-4D46-A356-E7919C915656}"
EndProject
Project("{2150E333-8FDC-42A3-9474-1A3956D46DE8}") = "ex14 - calculo de peso", "ex14 - calculo de peso", "{BA0AE769-EAB0-42D5-BF47-D0B08AD89F63}"
EndProject
Project("{FAE04EC0-301F-11D3-BF4B-00C04F79EFBC}") = "CalculoPeso", "Exercicios_Logica\ex14 - calculo de peso\CalculoPeso\CalculoPeso.csproj", "{4B411FE6-A554-49C3-A415-C7D0B58870A9}"
EndProject
Project("{2150E333-8FDC-42A3-9474-1A3956D46DE8}") = "ex15 - divisão", "ex15 - divisão", "{A195AB91-277F-41C2-BC5C-DBC050900FBA}"
EndProject
Project("{FAE04EC0-301F-11D3-BF4B-00C04F79EFBC}") = "divisao", "Exercicios_Logica\ex15 - divisão\divisao\divisao.csproj", "{1161EC6A-8068-42C4-8D82-C7822E459EF7}"
EndProject
Project("{2150E333-8FDC-42A3-9474-1A3956D46DE8}") = "ex26 - salario", "ex26 - salario", "{8C891462-1C95-4699-970B-F392BB154860}"
EndProject
Project("{FAE04EC0-301F-11D3-BF4B-00C04F79EFBC}") = "salario", "Exercicios_Logica\ex26 - salario\salario\salario.csproj", "{B3FC58EE-9921-4A8B-BCEB-466E69863661}"
EndProject
Project("{2150E333-8FDC-42A3-9474-1A3956D46DE8}") = "ex27 - area", "ex27 - area", "{FD827DB7-E61A-441E-9178-B2568C69127E}"
EndProject
Project("{FAE04EC0-301F-11D3-BF4B-00C04F79EFBC}") = "areas", "Exercicios_Logica\ex27 - area\areas\areas.csproj", "{0F460C2F-317A-4592-B49D-90E58E347C60}"
EndProject
Project("{2150E333-8FDC-42A3-9474-1A3956D46DE8}") = "ex28 - negativo", "ex28 - negativo", "{CF70C99A-ED30-43E1-B622-C4E52A662E07}"
EndProject
Project("{FAE04EC0-301F-11D3-BF4B-00C04F79EFBC}") = "negativo", "Exercicios_Logica\ex28 - negativo\negativo\negativo.csproj", "{529D5486-4E06-4472-B6F1-3F363E009D22}"
EndProject
Project("{2150E333-8FDC-42A3-9474-1A3956D46DE8}") = "ex29 - par_ou_impar", "ex29 - par_ou_impar", "{AFA73E9D-7C55-47FB-A517-FAADD7C59074}"
EndProject
Project("{FAE04EC0-301F-11D3-BF4B-00C04F79EFBC}") = "parOUimpar", "Exercicios_Logica\ex29 - par_ou_impar\parOUimpar\parOUimpar.csproj", "{DD04CC6F-1863-4A43-8397-D5D9C8E3C89F}"
EndProject
Project("{2150E333-8FDC-42A3-9474-1A3956D46DE8}") = "ex30 - multiplos", "ex30 - multiplos", "{743EE490-4238-45B4-9E30-88162D74F021}"
EndProject
Project("{FAE04EC0-301F-11D3-BF4B-00C04F79EFBC}") = "multiplos", "Exercicios_Logica\ex30 - multiplos\multiplos\multiplos.csproj", "{7B1D443D-B2EB-4A3C-AEFD-320164E923FD}"
EndProject
Project("{2150E333-8FDC-42A3-9474-1A3956D46DE8}") = "ex31 - calculo_horas", "ex31 - calculo_horas", "{A6123C09-7BBB-4DA1-A6F0-65C5FD593AEB}"
EndProject
Project("{FAE04EC0-301F-11D3-BF4B-00C04F79EFBC}") = "calculo_horas", "Exercicios_Logica\ex31 - calculo_horas\calculo_horas\calculo_horas.csproj", "{D936E52C-57E5-49A8-8D2A-32E558A8183D}"
EndProject
Project("{2150E333-8FDC-42A3-9474-1A3956D46DE8}") = "ex32 - lanchonete", "ex32 - lanchonete", "{30513A03-89DD-4274-8498-1C5C6492E232}"
EndProject
Project("{FAE04EC0-301F-11D3-BF4B-00C04F79EFBC}") = "lanchonete", "Exercicios_Logica\ex32 - lanchonete\lanchonete\lanchonete.csproj", "{C3189928-F404-4489-AC3D-1D199DADE829}"
EndProject
Project("{2150E333-8FDC-42A3-9474-1A3956D46DE8}") = "ex33 - intervalo", "ex33 - intervalo", "{949E4352-352D-433F-971D-3ED91A942EE1}"
EndProject
Project("{FAE04EC0-301F-11D3-BF4B-00C04F79EFBC}") = "intervalo", "Exercicios_Logica\ex33 - intervalo\intervalo\intervalo.csproj", "{CA4750D5-5A63-4FF7-8760-4F9A02604ABA}"
EndProject
Project("{2150E333-8FDC-42A3-9474-1A3956D46DE8}") = "ex34 - plano_cartesiano", "ex34 - plano_cartesiano", "{084F5CBD-06B5-4D87-B57E-15FD013342C5}"
EndProject
Project("{FAE04EC0-301F-11D3-BF4B-00C04F79EFBC}") = "cartesiano", "Exercicios_Logica\ex34 - plano_cartesiano\cartesiano\cartesiano.csproj", "{81C9A136-BCB6-4C33-9351-AB7352820D1E}"
EndProject
Project("{2150E333-8FDC-42A3-9474-1A3956D46DE8}") = "ex35 - calculo_imposto", "ex35 - calculo_imposto", "{EB40C794-E261-4DDE-8A0F-9AD567D092B8}"
EndProject
Project("{FAE04EC0-301F-11D3-BF4B-00C04F79EFBC}") = "imposto", "Exercicios_Logica\ex35 - calculo_imposto\imposto\imposto.csproj", "{CF6364A7-A95A-461B-AE66-454DE0DD812C}"
EndProject
Project("{2150E333-8FDC-42A3-9474-1A3956D46DE8}") = "ProjetoAlura2 - dominando", "ProjetoAlura2 - dominando", "{B4B5F3B3-00BF-4914-BBA5-1DD80CED3EE9}"
EndProject
Project("{FAE04EC0-301F-11D3-BF4B-00C04F79EFBC}") = "dominando", "Exercicios_Logica\ProjetoAlura2 - dominando\dominando\dominando.csproj", "{0DA47BF8-C8C5-4763-B808-9D4322FC7D9E}"
EndProject
Project("{2150E333-8FDC-42A3-9474-1A3956D46DE8}") = "ex36 - banco", "ex36 - banco", "{0668E078-25E0-48CA-A534-A91077CE3450}"
EndProject
Project("{FAE04EC0-301F-11D3-BF4B-00C04F79EFBC}") = "banco", "Exercicios_Logica\ex36 - banco\banco\banco.csproj", "{9972F07E-7C70-4606-8C2C-8BFB05FB923A}"
EndProject
Project("{2150E333-8FDC-42A3-9474-1A3956D46DE8}") = "Emanuel - Linq", "Emanuel - Linq", "{F1AEC628-8E5F-4BE2-BA5F-97DF10FAC431}"
EndProject
Project("{2150E333-8FDC-42A3-9474-1A3956D46DE8}") = "Ex01 - primeira_base", "Ex01 - primeira_base", "{4DFFEDFC-9A39-4A82-AC30-B8CDCAF8A01B}"
EndProject
Project("{FAE04EC0-301F-11D3-BF4B-00C04F79EFBC}") = "primeira_base", "Exercicios_Logica\Emanuel - Linq\Ex01 - primeira_base\primeira_base\primeira_base.csproj", "{D2399233-04FF-4413-B142-D9879EF401DB}"
EndProject
Global
	GlobalSection(SolutionConfigurationPlatforms) = preSolution
		Debug|Any CPU = Debug|Any CPU
		Release|Any CPU = Release|Any CPU
	EndGlobalSection
	GlobalSection(SolutionProperties) = preSolution
		HideSolutionNode = FALSE
	EndGlobalSection
	GlobalSection(ProjectConfigurationPlatforms) = postSolution
		{98508DEC-7DCD-4381-BF0C-79EFDAD66C89}.Debug|Any CPU.ActiveCfg = Debug|Any CPU
		{98508DEC-7DCD-4381-BF0C-79EFDAD66C89}.Debug|Any CPU.Build.0 = Debug|Any CPU
		{98508DEC-7DCD-4381-BF0C-79EFDAD66C89}.Release|Any CPU.ActiveCfg = Release|Any CPU
		{98508DEC-7DCD-4381-BF0C-79EFDAD66C89}.Release|Any CPU.Build.0 = Release|Any CPU
		{EB311FDB-A432-484A-B9C1-EC9CEEEE082C}.Debug|Any CPU.ActiveCfg = Debug|Any CPU
		{EB311FDB-A432-484A-B9C1-EC9CEEEE082C}.Debug|Any CPU.Build.0 = Debug|Any CPU
		{EB311FDB-A432-484A-B9C1-EC9CEEEE082C}.Release|Any CPU.ActiveCfg = Release|Any CPU
		{EB311FDB-A432-484A-B9C1-EC9CEEEE082C}.Release|Any CPU.Build.0 = Release|Any CPU
		{8608C35E-74D0-4DA8-A7D7-12C194DA015D}.Debug|Any CPU.ActiveCfg = Debug|Any CPU
		{8608C35E-74D0-4DA8-A7D7-12C194DA015D}.Debug|Any CPU.Build.0 = Debug|Any CPU
		{8608C35E-74D0-4DA8-A7D7-12C194DA015D}.Release|Any CPU.ActiveCfg = Release|Any CPU
		{8608C35E-74D0-4DA8-A7D7-12C194DA015D}.Release|Any CPU.Build.0 = Release|Any CPU
		{F2E76AFA-5D21-43FB-ABA5-402E41F0B5B9}.Debug|Any CPU.ActiveCfg = Debug|Any CPU
		{F2E76AFA-5D21-43FB-ABA5-402E41F0B5B9}.Debug|Any CPU.Build.0 = Debug|Any CPU
		{F2E76AFA-5D21-43FB-ABA5-402E41F0B5B9}.Release|Any CPU.ActiveCfg = Release|Any CPU
		{F2E76AFA-5D21-43FB-ABA5-402E41F0B5B9}.Release|Any CPU.Build.0 = Release|Any CPU
		{BCC67374-ABA1-41EE-BE5C-BA25A80BBBBD}.Debug|Any CPU.ActiveCfg = Debug|Any CPU
		{BCC67374-ABA1-41EE-BE5C-BA25A80BBBBD}.Debug|Any CPU.Build.0 = Debug|Any CPU
		{BCC67374-ABA1-41EE-BE5C-BA25A80BBBBD}.Release|Any CPU.ActiveCfg = Release|Any CPU
		{BCC67374-ABA1-41EE-BE5C-BA25A80BBBBD}.Release|Any CPU.Build.0 = Release|Any CPU
		{1D208A61-C33F-4D5B-B601-409324D013FB}.Debug|Any CPU.ActiveCfg = Debug|Any CPU
		{1D208A61-C33F-4D5B-B601-409324D013FB}.Debug|Any CPU.Build.0 = Debug|Any CPU
		{1D208A61-C33F-4D5B-B601-409324D013FB}.Release|Any CPU.ActiveCfg = Release|Any CPU
		{1D208A61-C33F-4D5B-B601-409324D013FB}.Release|Any CPU.Build.0 = Release|Any CPU
		{78F27443-E141-4F18-8C11-B3FBE32BED57}.Debug|Any CPU.ActiveCfg = Debug|Any CPU
		{78F27443-E141-4F18-8C11-B3FBE32BED57}.Debug|Any CPU.Build.0 = Debug|Any CPU
		{78F27443-E141-4F18-8C11-B3FBE32BED57}.Release|Any CPU.ActiveCfg = Release|Any CPU
		{78F27443-E141-4F18-8C11-B3FBE32BED57}.Release|Any CPU.Build.0 = Release|Any CPU
		{B80A79DA-49EF-496E-B7CB-8C2EBE521144}.Debug|Any CPU.ActiveCfg = Debug|Any CPU
		{B80A79DA-49EF-496E-B7CB-8C2EBE521144}.Debug|Any CPU.Build.0 = Debug|Any CPU
		{B80A79DA-49EF-496E-B7CB-8C2EBE521144}.Release|Any CPU.ActiveCfg = Release|Any CPU
		{B80A79DA-49EF-496E-B7CB-8C2EBE521144}.Release|Any CPU.Build.0 = Release|Any CPU
		{E97F7DDE-2654-46EC-81C5-FE87E2AB41EE}.Debug|Any CPU.ActiveCfg = Debug|Any CPU
		{E97F7DDE-2654-46EC-81C5-FE87E2AB41EE}.Debug|Any CPU.Build.0 = Debug|Any CPU
		{E97F7DDE-2654-46EC-81C5-FE87E2AB41EE}.Release|Any CPU.ActiveCfg = Release|Any CPU
		{E97F7DDE-2654-46EC-81C5-FE87E2AB41EE}.Release|Any CPU.Build.0 = Release|Any CPU
		{ECF5DB07-7EEB-4F96-BA77-3E596EF5BC60}.Debug|Any CPU.ActiveCfg = Debug|Any CPU
		{ECF5DB07-7EEB-4F96-BA77-3E596EF5BC60}.Debug|Any CPU.Build.0 = Debug|Any CPU
		{ECF5DB07-7EEB-4F96-BA77-3E596EF5BC60}.Release|Any CPU.ActiveCfg = Release|Any CPU
		{ECF5DB07-7EEB-4F96-BA77-3E596EF5BC60}.Release|Any CPU.Build.0 = Release|Any CPU
		{723C4060-8255-42B5-A308-A264DA45F9BE}.Debug|Any CPU.ActiveCfg = Debug|Any CPU
		{723C4060-8255-42B5-A308-A264DA45F9BE}.Debug|Any CPU.Build.0 = Debug|Any CPU
		{723C4060-8255-42B5-A308-A264DA45F9BE}.Release|Any CPU.ActiveCfg = Release|Any CPU
		{723C4060-8255-42B5-A308-A264DA45F9BE}.Release|Any CPU.Build.0 = Release|Any CPU
		{4D681B3D-2358-4D46-A356-E7919C915656}.Debug|Any CPU.ActiveCfg = Debug|Any CPU
		{4D681B3D-2358-4D46-A356-E7919C915656}.Debug|Any CPU.Build.0 = Debug|Any CPU
		{4D681B3D-2358-4D46-A356-E7919C915656}.Release|Any CPU.ActiveCfg = Release|Any CPU
		{4D681B3D-2358-4D46-A356-E7919C915656}.Release|Any CPU.Build.0 = Release|Any CPU
		{4B411FE6-A554-49C3-A415-C7D0B58870A9}.Debug|Any CPU.ActiveCfg = Debug|Any CPU
		{4B411FE6-A554-49C3-A415-C7D0B58870A9}.Debug|Any CPU.Build.0 = Debug|Any CPU
		{4B411FE6-A554-49C3-A415-C7D0B58870A9}.Release|Any CPU.ActiveCfg = Release|Any CPU
		{4B411FE6-A554-49C3-A415-C7D0B58870A9}.Release|Any CPU.Build.0 = Release|Any CPU
		{1161EC6A-8068-42C4-8D82-C7822E459EF7}.Debug|Any CPU.ActiveCfg = Debug|Any CPU
		{1161EC6A-8068-42C4-8D82-C7822E459EF7}.Debug|Any CPU.Build.0 = Debug|Any CPU
		{1161EC6A-8068-42C4-8D82-C7822E459EF7}.Release|Any CPU.ActiveCfg = Release|Any CPU
		{1161EC6A-8068-42C4-8D82-C7822E459EF7}.Release|Any CPU.Build.0 = Release|Any CPU
		{B3FC58EE-9921-4A8B-BCEB-466E69863661}.Debug|Any CPU.ActiveCfg = Debug|Any CPU
		{B3FC58EE-9921-4A8B-BCEB-466E69863661}.Debug|Any CPU.Build.0 = Debug|Any CPU
		{B3FC58EE-9921-4A8B-BCEB-466E69863661}.Release|Any CPU.ActiveCfg = Release|Any CPU
		{B3FC58EE-9921-4A8B-BCEB-466E69863661}.Release|Any CPU.Build.0 = Release|Any CPU
		{0F460C2F-317A-4592-B49D-90E58E347C60}.Debug|Any CPU.ActiveCfg = Debug|Any CPU
		{0F460C2F-317A-4592-B49D-90E58E347C60}.Debug|Any CPU.Build.0 = Debug|Any CPU
		{0F460C2F-317A-4592-B49D-90E58E347C60}.Release|Any CPU.ActiveCfg = Release|Any CPU
		{0F460C2F-317A-4592-B49D-90E58E347C60}.Release|Any CPU.Build.0 = Release|Any CPU
		{529D5486-4E06-4472-B6F1-3F363E009D22}.Debug|Any CPU.ActiveCfg = Debug|Any CPU
		{529D5486-4E06-4472-B6F1-3F363E009D22}.Debug|Any CPU.Build.0 = Debug|Any CPU
		{529D5486-4E06-4472-B6F1-3F363E009D22}.Release|Any CPU.ActiveCfg = Release|Any CPU
		{529D5486-4E06-4472-B6F1-3F363E009D22}.Release|Any CPU.Build.0 = Release|Any CPU
		{DD04CC6F-1863-4A43-8397-D5D9C8E3C89F}.Debug|Any CPU.ActiveCfg = Debug|Any CPU
		{DD04CC6F-1863-4A43-8397-D5D9C8E3C89F}.Debug|Any CPU.Build.0 = Debug|Any CPU
		{DD04CC6F-1863-4A43-8397-D5D9C8E3C89F}.Release|Any CPU.ActiveCfg = Release|Any CPU
		{DD04CC6F-1863-4A43-8397-D5D9C8E3C89F}.Release|Any CPU.Build.0 = Release|Any CPU
		{7B1D443D-B2EB-4A3C-AEFD-320164E923FD}.Debug|Any CPU.ActiveCfg = Debug|Any CPU
		{7B1D443D-B2EB-4A3C-AEFD-320164E923FD}.Debug|Any CPU.Build.0 = Debug|Any CPU
		{7B1D443D-B2EB-4A3C-AEFD-320164E923FD}.Release|Any CPU.ActiveCfg = Release|Any CPU
		{7B1D443D-B2EB-4A3C-AEFD-320164E923FD}.Release|Any CPU.Build.0 = Release|Any CPU
		{D936E52C-57E5-49A8-8D2A-32E558A8183D}.Debug|Any CPU.ActiveCfg = Debug|Any CPU
		{D936E52C-57E5-49A8-8D2A-32E558A8183D}.Debug|Any CPU.Build.0 = Debug|Any CPU
		{D936E52C-57E5-49A8-8D2A-32E558A8183D}.Release|Any CPU.ActiveCfg = Release|Any CPU
		{D936E52C-57E5-49A8-8D2A-32E558A8183D}.Release|Any CPU.Build.0 = Release|Any CPU
		{C3189928-F404-4489-AC3D-1D199DADE829}.Debug|Any CPU.ActiveCfg = Debug|Any CPU
		{C3189928-F404-4489-AC3D-1D199DADE829}.Debug|Any CPU.Build.0 = Debug|Any CPU
		{C3189928-F404-4489-AC3D-1D199DADE829}.Release|Any CPU.ActiveCfg = Release|Any CPU
		{C3189928-F404-4489-AC3D-1D199DADE829}.Release|Any CPU.Build.0 = Release|Any CPU
		{CA4750D5-5A63-4FF7-8760-4F9A02604ABA}.Debug|Any CPU.ActiveCfg = Debug|Any CPU
		{CA4750D5-5A63-4FF7-8760-4F9A02604ABA}.Debug|Any CPU.Build.0 = Debug|Any CPU
		{CA4750D5-5A63-4FF7-8760-4F9A02604ABA}.Release|Any CPU.ActiveCfg = Release|Any CPU
		{CA4750D5-5A63-4FF7-8760-4F9A02604ABA}.Release|Any CPU.Build.0 = Release|Any CPU
		{81C9A136-BCB6-4C33-9351-AB7352820D1E}.Debug|Any CPU.ActiveCfg = Debug|Any CPU
		{81C9A136-BCB6-4C33-9351-AB7352820D1E}.Debug|Any CPU.Build.0 = Debug|Any CPU
		{81C9A136-BCB6-4C33-9351-AB7352820D1E}.Release|Any CPU.ActiveCfg = Release|Any CPU
		{81C9A136-BCB6-4C33-9351-AB7352820D1E}.Release|Any CPU.Build.0 = Release|Any CPU
		{CF6364A7-A95A-461B-AE66-454DE0DD812C}.Debug|Any CPU.ActiveCfg = Debug|Any CPU
		{CF6364A7-A95A-461B-AE66-454DE0DD812C}.Debug|Any CPU.Build.0 = Debug|Any CPU
		{CF6364A7-A95A-461B-AE66-454DE0DD812C}.Release|Any CPU.ActiveCfg = Release|Any CPU
		{CF6364A7-A95A-461B-AE66-454DE0DD812C}.Release|Any CPU.Build.0 = Release|Any CPU
		{0DA47BF8-C8C5-4763-B808-9D4322FC7D9E}.Debug|Any CPU.ActiveCfg = Debug|Any CPU
		{0DA47BF8-C8C5-4763-B808-9D4322FC7D9E}.Debug|Any CPU.Build.0 = Debug|Any CPU
		{0DA47BF8-C8C5-4763-B808-9D4322FC7D9E}.Release|Any CPU.ActiveCfg = Release|Any CPU
		{0DA47BF8-C8C5-4763-B808-9D4322FC7D9E}.Release|Any CPU.Build.0 = Release|Any CPU
		{9972F07E-7C70-4606-8C2C-8BFB05FB923A}.Debug|Any CPU.ActiveCfg = Debug|Any CPU
		{9972F07E-7C70-4606-8C2C-8BFB05FB923A}.Debug|Any CPU.Build.0 = Debug|Any CPU
		{9972F07E-7C70-4606-8C2C-8BFB05FB923A}.Release|Any CPU.ActiveCfg = Release|Any CPU
		{9972F07E-7C70-4606-8C2C-8BFB05FB923A}.Release|Any CPU.Build.0 = Release|Any CPU
		{D2399233-04FF-4413-B142-D9879EF401DB}.Debug|Any CPU.ActiveCfg = Debug|Any CPU
		{D2399233-04FF-4413-B142-D9879EF401DB}.Debug|Any CPU.Build.0 = Debug|Any CPU
		{D2399233-04FF-4413-B142-D9879EF401DB}.Release|Any CPU.ActiveCfg = Release|Any CPU
		{D2399233-04FF-4413-B142-D9879EF401DB}.Release|Any CPU.Build.0 = Release|Any CPU
	EndGlobalSection
	GlobalSection(NestedProjects) = preSolution
		{29584113-1658-4E3A-BC29-F58A078BD560} = {4A199B65-BCA1-4233-8D6F-5D4BD8D29A8C}
		{98508DEC-7DCD-4381-BF0C-79EFDAD66C89} = {29584113-1658-4E3A-BC29-F58A078BD560}
		{D8B1B583-39B7-4FA3-89ED-DF5EA2C98BEB} = {4A199B65-BCA1-4233-8D6F-5D4BD8D29A8C}
		{EB311FDB-A432-484A-B9C1-EC9CEEEE082C} = {D8B1B583-39B7-4FA3-89ED-DF5EA2C98BEB}
		{2994A4F6-48E2-41EF-B356-6EB57B569272} = {4A199B65-BCA1-4233-8D6F-5D4BD8D29A8C}
		{8608C35E-74D0-4DA8-A7D7-12C194DA015D} = {2994A4F6-48E2-41EF-B356-6EB57B569272}
		{2607EEA7-F3D0-4874-A62B-1E4E2F60C9E7} = {4A199B65-BCA1-4233-8D6F-5D4BD8D29A8C}
		{F2E76AFA-5D21-43FB-ABA5-402E41F0B5B9} = {2607EEA7-F3D0-4874-A62B-1E4E2F60C9E7}
		{686926A6-E5CE-49DA-AEE8-8B63CB9A187F} = {4A199B65-BCA1-4233-8D6F-5D4BD8D29A8C}
		{BCC67374-ABA1-41EE-BE5C-BA25A80BBBBD} = {686926A6-E5CE-49DA-AEE8-8B63CB9A187F}
		{23A99F68-C6DC-4164-8060-427384B9E732} = {4A199B65-BCA1-4233-8D6F-5D4BD8D29A8C}
		{1D208A61-C33F-4D5B-B601-409324D013FB} = {23A99F68-C6DC-4164-8060-427384B9E732}
		{416B368D-EC71-48FE-B4E9-7344AD8C3816} = {4A199B65-BCA1-4233-8D6F-5D4BD8D29A8C}
		{78F27443-E141-4F18-8C11-B3FBE32BED57} = {416B368D-EC71-48FE-B4E9-7344AD8C3816}
		{333AA315-4C94-4523-BA22-E36083235D42} = {4A199B65-BCA1-4233-8D6F-5D4BD8D29A8C}
		{B80A79DA-49EF-496E-B7CB-8C2EBE521144} = {333AA315-4C94-4523-BA22-E36083235D42}
		{318F4360-3984-44B5-A990-1DBC33B0AEB2} = {4A199B65-BCA1-4233-8D6F-5D4BD8D29A8C}
		{E97F7DDE-2654-46EC-81C5-FE87E2AB41EE} = {318F4360-3984-44B5-A990-1DBC33B0AEB2}
		{ADCDB791-C964-4D5E-97EC-22D71A48D50E} = {4A199B65-BCA1-4233-8D6F-5D4BD8D29A8C}
		{ECF5DB07-7EEB-4F96-BA77-3E596EF5BC60} = {ADCDB791-C964-4D5E-97EC-22D71A48D50E}
		{C51CB2E5-CA36-4999-B5F5-299726CAF6A7} = {4A199B65-BCA1-4233-8D6F-5D4BD8D29A8C}
		{723C4060-8255-42B5-A308-A264DA45F9BE} = {C51CB2E5-CA36-4999-B5F5-299726CAF6A7}
		{5AE0E688-58AA-4127-B80E-54E57D4F4A8B} = {4A199B65-BCA1-4233-8D6F-5D4BD8D29A8C}
		{4D681B3D-2358-4D46-A356-E7919C915656} = {5AE0E688-58AA-4127-B80E-54E57D4F4A8B}
		{BA0AE769-EAB0-42D5-BF47-D0B08AD89F63} = {4A199B65-BCA1-4233-8D6F-5D4BD8D29A8C}
		{4B411FE6-A554-49C3-A415-C7D0B58870A9} = {BA0AE769-EAB0-42D5-BF47-D0B08AD89F63}
		{A195AB91-277F-41C2-BC5C-DBC050900FBA} = {4A199B65-BCA1-4233-8D6F-5D4BD8D29A8C}
		{1161EC6A-8068-42C4-8D82-C7822E459EF7} = {A195AB91-277F-41C2-BC5C-DBC050900FBA}
		{8C891462-1C95-4699-970B-F392BB154860} = {4A199B65-BCA1-4233-8D6F-5D4BD8D29A8C}
		{B3FC58EE-9921-4A8B-BCEB-466E69863661} = {8C891462-1C95-4699-970B-F392BB154860}
		{FD827DB7-E61A-441E-9178-B2568C69127E} = {4A199B65-BCA1-4233-8D6F-5D4BD8D29A8C}
		{0F460C2F-317A-4592-B49D-90E58E347C60} = {FD827DB7-E61A-441E-9178-B2568C69127E}
		{CF70C99A-ED30-43E1-B622-C4E52A662E07} = {4A199B65-BCA1-4233-8D6F-5D4BD8D29A8C}
		{529D5486-4E06-4472-B6F1-3F363E009D22} = {CF70C99A-ED30-43E1-B622-C4E52A662E07}
		{AFA73E9D-7C55-47FB-A517-FAADD7C59074} = {4A199B65-BCA1-4233-8D6F-5D4BD8D29A8C}
		{DD04CC6F-1863-4A43-8397-D5D9C8E3C89F} = {AFA73E9D-7C55-47FB-A517-FAADD7C59074}
		{743EE490-4238-45B4-9E30-88162D74F021} = {4A199B65-BCA1-4233-8D6F-5D4BD8D29A8C}
		{7B1D443D-B2EB-4A3C-AEFD-320164E923FD} = {743EE490-4238-45B4-9E30-88162D74F021}
		{A6123C09-7BBB-4DA1-A6F0-65C5FD593AEB} = {4A199B65-BCA1-4233-8D6F-5D4BD8D29A8C}
		{D936E52C-57E5-49A8-8D2A-32E558A8183D} = {A6123C09-7BBB-4DA1-A6F0-65C5FD593AEB}
		{30513A03-89DD-4274-8498-1C5C6492E232} = {4A199B65-BCA1-4233-8D6F-5D4BD8D29A8C}
		{C3189928-F404-4489-AC3D-1D199DADE829} = {30513A03-89DD-4274-8498-1C5C6492E232}
		{949E4352-352D-433F-971D-3ED91A942EE1} = {4A199B65-BCA1-4233-8D6F-5D4BD8D29A8C}
		{CA4750D5-5A63-4FF7-8760-4F9A02604ABA} = {949E4352-352D-433F-971D-3ED91A942EE1}
		{084F5CBD-06B5-4D87-B57E-15FD013342C5} = {4A199B65-BCA1-4233-8D6F-5D4BD8D29A8C}
		{81C9A136-BCB6-4C33-9351-AB7352820D1E} = {084F5CBD-06B5-4D87-B57E-15FD013342C5}
		{EB40C794-E261-4DDE-8A0F-9AD567D092B8} = {4A199B65-BCA1-4233-8D6F-5D4BD8D29A8C}
		{CF6364A7-A95A-461B-AE66-454DE0DD812C} = {EB40C794-E261-4DDE-8A0F-9AD567D092B8}
		{B4B5F3B3-00BF-4914-BBA5-1DD80CED3EE9} = {4A199B65-BCA1-4233-8D6F-5D4BD8D29A8C}
		{0DA47BF8-C8C5-4763-B808-9D4322FC7D9E} = {B4B5F3B3-00BF-4914-BBA5-1DD80CED3EE9}
		{0668E078-25E0-48CA-A534-A91077CE3450} = {4A199B65-BCA1-4233-8D6F-5D4BD8D29A8C}
		{9972F07E-7C70-4606-8C2C-8BFB05FB923A} = {0668E078-25E0-48CA-A534-A91077CE3450}
		{F1AEC628-8E5F-4BE2-BA5F-97DF10FAC431} = {4A199B65-BCA1-4233-8D6F-5D4BD8D29A8C}
		{4DFFEDFC-9A39-4A82-AC30-B8CDCAF8A01B} = {F1AEC628-8E5F-4BE2-BA5F-97DF10FAC431}
		{D2399233-04FF-4413-B142-D9879EF401DB} = {4DFFEDFC-9A39-4A82-AC30-B8CDCAF8A01B}
	EndGlobalSection
EndGlobal
