
Microsoft Visual Studio Solution File, Format Version 12.00
# Visual Studio Version 17
VisualStudioVersion = 17.0.31903.59
MinimumVisualStudioVersion = 10.0.40219.1
Project("{2150E333-8FDC-42A3-9474-1A3956D46DE8}") = "Logica_programacao", "Logica_programacao", "{E0F65464-1DEF-4DC4-8AF3-F6791D49F9AC}"
	ProjectSection(SolutionItems) = preProject
		Logica_programacao\Alura - Manipulando_Arquivos\ByteBankIO\ByteBankIO.sln = Logica_programacao\Alura - Manipulando_Arquivos\ByteBankIO\ByteBankIO.sln
		Logica_programacao\Alura - Bibliotecas\bytebank_ATENDIMENTO.sln = Logica_programacao\Alura - Bibliotecas\bytebank_ATENDIMENTO.sln
		Logica_programacao\desafioMedicos\Program.cs = Logica_programacao\desafioMedicos\Program.cs
		Logica_programacao\desafioMedicos\desafioMedicos.sln = Logica_programacao\desafioMedicos\desafioMedicos.sln
		Logica_programacao\desafioMedicos\desafioMedicos.csproj = Logica_programacao\desafioMedicos\desafioMedicos.csproj
	EndProjectSection
EndProject
Project("{2150E333-8FDC-42A3-9474-1A3956D46DE8}") = "ex17 - fatorial", "ex17 - fatorial", "{CCB84943-BEBE-4451-924B-93E2EFE84813}"
EndProject
Project("{FAE04EC0-301F-11D3-BF4B-00C04F79EFBC}") = "fatorial", "Logica_programacao\ex17 - fatorial\fatorial\fatorial.csproj", "{C913CE27-35B1-4DF6-8E83-D3F05EF78D8D}"
EndProject
Project("{2150E333-8FDC-42A3-9474-1A3956D46DE8}") = "ex18 - divisores", "ex18 - divisores", "{578DF6B5-4BC6-4B08-8F63-1BCB3FB1FB1C}"
EndProject
Project("{FAE04EC0-301F-11D3-BF4B-00C04F79EFBC}") = "divisores", "Logica_programacao\ex18 - divisores\divisores\divisores.csproj", "{179E3533-2C07-4904-8386-15E463CDC908}"
EndProject
Project("{2150E333-8FDC-42A3-9474-1A3956D46DE8}") = "ex19 - linhas_doidas", "ex19 - linhas_doidas", "{C88B9082-FFDB-4EBC-890E-4D34AD4A80DE}"
EndProject
Project("{FAE04EC0-301F-11D3-BF4B-00C04F79EFBC}") = "linhjas", "Logica_programacao\ex19 - linhas_doidas\linhjas\linhjas.csproj", "{A38E6B6D-39BF-4D4D-8D86-72AA93256124}"
EndProject
Project("{2150E333-8FDC-42A3-9474-1A3956D46DE8}") = "ex20 - senha", "ex20 - senha", "{95E3D6E3-D056-4F8C-A38E-6D709A9BD3BB}"
EndProject
Project("{FAE04EC0-301F-11D3-BF4B-00C04F79EFBC}") = "senha", "Logica_programacao\ex20 - senha\senha\senha.csproj", "{42F51FA9-5961-46CF-B55C-B035A12E8A7B}"
EndProject
Project("{2150E333-8FDC-42A3-9474-1A3956D46DE8}") = "ex21 - cartesiano", "ex21 - cartesiano", "{A58EDEC5-C06E-4255-962C-C739E8E12DA1}"
EndProject
Project("{FAE04EC0-301F-11D3-BF4B-00C04F79EFBC}") = "cartesiano", "Logica_programacao\ex21 - cartesiano\cartesiano\cartesiano.csproj", "{BC386413-1D4B-476B-B417-4BB8B30BA1EC}"
EndProject
Project("{2150E333-8FDC-42A3-9474-1A3956D46DE8}") = "ex22 - codigos", "ex22 - codigos", "{88ABA05D-17CB-4FDB-986A-EDA59D1526E5}"
EndProject
Project("{FAE04EC0-301F-11D3-BF4B-00C04F79EFBC}") = "codigos", "Logica_programacao\ex22 - codigos\codigos\codigos.csproj", "{7B707A82-B025-4C70-8852-05AB38A3CF0C}"
EndProject
Project("{2150E333-8FDC-42A3-9474-1A3956D46DE8}") = "ex23 - estrutura_sequencial", "ex23 - estrutura_sequencial", "{1229370F-5CDE-4731-B949-332A09584B62}"
EndProject
Project("{FAE04EC0-301F-11D3-BF4B-00C04F79EFBC}") = "estrutura", "Logica_programacao\ex23 - estrutura_sequencial\estrutura\estrutura.csproj", "{59C97F17-8309-46D1-BACD-42E668565213}"
EndProject
Project("{2150E333-8FDC-42A3-9474-1A3956D46DE8}") = "ex24 - raio", "ex24 - raio", "{B9F4EB20-5BFC-4866-A039-B038346E9A88}"
EndProject
Project("{FAE04EC0-301F-11D3-BF4B-00C04F79EFBC}") = "raio", "Logica_programacao\ex24 - raio\raio\raio.csproj", "{129F2BD5-A69F-4587-AC5D-B4F5AAFA0A16}"
EndProject
Project("{2150E333-8FDC-42A3-9474-1A3956D46DE8}") = "ex25 - calculo_diferenca", "ex25 - calculo_diferenca", "{608AE608-E888-467D-8D1F-40F90C015D05}"
EndProject
Project("{FAE04EC0-301F-11D3-BF4B-00C04F79EFBC}") = "calculo_dif", "Logica_programacao\ex25 - calculo_diferenca\calculo_dif\calculo_dif.csproj", "{089C9C73-4FA0-4301-8471-5AB6C060614C}"
EndProject
Project("{2150E333-8FDC-42A3-9474-1A3956D46DE8}") = "ex26 - heranca", "ex26 - heranca", "{7F261A1C-8BA1-4ED0-BD81-FF30A28E3832}"
EndProject
Project("{FAE04EC0-301F-11D3-BF4B-00C04F79EFBC}") = "heranca", "Logica_programacao\ex26 - heranca\heranca\heranca.csproj", "{87F8D1C5-A1ED-4BBC-A710-42C69F651DC7}"
EndProject
Project("{2150E333-8FDC-42A3-9474-1A3956D46DE8}") = "ex35 - banco", "ex35 - banco", "{94C9C143-2CB2-4964-814A-158CBF4CCBED}"
EndProject
Project("{FAE04EC0-301F-11D3-BF4B-00C04F79EFBC}") = "banco", "Logica_programacao\ex35 - banco\banco\banco.csproj", "{EC27AC81-9761-4EE0-A4B6-81FD2E19C1DE}"
EndProject
Project("{2150E333-8FDC-42A3-9474-1A3956D46DE8}") = "Alura - Screen_Sound", "Alura - Screen_Sound", "{53F280B6-7A09-46DE-9557-A17EE3BA9692}"
EndProject
Project("{FAE04EC0-301F-11D3-BF4B-00C04F79EFBC}") = "ScreenSound", "Logica_programacao\Alura - Screen_Sound\ScreenSound\ScreenSound.csproj", "{7AE4CD27-478A-4129-8EA2-ACE573F8301F}"
EndProject
Project("{2150E333-8FDC-42A3-9474-1A3956D46DE8}") = "Alura - Screen_Sound_POO", "Alura - Screen_Sound_POO", "{2E44E01E-EAF5-4C0A-8FF2-AAA343C7D62B}"
EndProject
Project("{FAE04EC0-301F-11D3-BF4B-00C04F79EFBC}") = "Screen_Sound_POO", "Logica_programacao\Alura - Screen_Sound_POO\Screen_Sound_POO\Screen_Sound_POO.csproj", "{34CE9989-3779-4442-B342-F4E65336014C}"
EndProject
Project("{2150E333-8FDC-42A3-9474-1A3956D46DE8}") = "Alura - Usando_APIs", "Alura - Usando_APIs", "{1603BB23-D473-4059-80F4-AA31CB7BCD34}"
EndProject
Project("{FAE04EC0-301F-11D3-BF4B-00C04F79EFBC}") = "Usando APIs", "Logica_programacao\Alura - Usando_APIs\Usando APIs\Usando APIs.csproj", "{0EEEB5E7-E4CC-41B9-924D-7F91D6E6DC04}"
EndProject
Project("{2150E333-8FDC-42A3-9474-1A3956D46DE8}") = "Alura - CSharp_Avancado_1", "Alura - CSharp_Avancado_1", "{B7852605-43A0-438E-A5BA-69C66541D04B}"
EndProject
Project("{FAE04EC0-301F-11D3-BF4B-00C04F79EFBC}") = "Avancado1", "Logica_programacao\Alura - CSharp_Avancado_1\Avancado1\Avancado1.csproj", "{2E5FB6AA-66A0-4443-8ADC-2453D532C202}"
EndProject
Project("{FAE04EC0-301F-11D3-BF4B-00C04F79EFBC}") = "Serenatto", "Serenatto\Serenatto.csproj", "{757ECD68-CF11-42C9-BC84-62B2BAC864A6}"
EndProject
Project("{2150E333-8FDC-42A3-9474-1A3956D46DE8}") = "Alura - Manipulando_Arquivos", "Alura - Manipulando_Arquivos", "{86D7259A-D460-44AC-8092-97CB9B66A9BF}"
EndProject
Project("{FAE04EC0-301F-11D3-BF4B-00C04F79EFBC}") = "ByteBankIO", "Logica_programacao\Alura - Manipulando_Arquivos\ByteBankIO\ByteBankIO.csproj", "{23944470-CFC7-43A8-A396-357285839781}"
EndProject
Project("{2150E333-8FDC-42A3-9474-1A3956D46DE8}") = "LINQ", "LINQ", "{3E8DCA90-1A15-41E5-B603-A315684D86E7}"
	ProjectSection(SolutionItems) = preProject
		Logica_programacao\Emanuel - Linq\Ex01 - primeira_base\primeira_base\primeira_base.sln = Logica_programacao\Emanuel - Linq\Ex01 - primeira_base\primeira_base\primeira_base.sln
	EndProjectSection
EndProject
Project("{FAE04EC0-301F-11D3-BF4B-00C04F79EFBC}") = "primeira_base", "Logica_programacao\Emanuel - Linq\Ex01 - primeira_base\primeira_base\primeira_base.csproj", "{C87ABBC0-5E9D-4859-A455-31D02706AD6D}"
EndProject
Project("{2150E333-8FDC-42A3-9474-1A3956D46DE8}") = "Ex37 - Manipulando_Data", "Ex37 - Manipulando_Data", "{2A2CF816-5C8D-49B7-82F9-E6B256729D52}"
EndProject
Project("{FAE04EC0-301F-11D3-BF4B-00C04F79EFBC}") = "Manipulando_Data", "Logica_programacao\Ex37 - Manipulando_Data\Manipulando_Data\Manipulando_Data.csproj", "{A846ABF8-C6AD-433B-B650-0737431443CF}"
EndProject
Project("{FAE04EC0-301F-11D3-BF4B-00C04F79EFBC}") = "desafioMedicos", "Logica_programacao\desafioMedicos\desafioMedicos.csproj", "{B831FBE5-8E7F-43AB-B579-BCD6AC807DC7}"
EndProject
Project("{2150E333-8FDC-42A3-9474-1A3956D46DE8}") = "DesafioMusicas", "DesafioMusicas", "{49905478-2ADE-4993-A4C5-987AC124A222}"
EndProject
Project("{FAE04EC0-301F-11D3-BF4B-00C04F79EFBC}") = "DesafioMusicas", "Logica_programacao\DesafioMusicas\DesafioMusicas\DesafioMusicas.csproj", "{29AD7362-B763-47A4-A19B-D33AB48AF158}"
EndProject
Project("{FAE04EC0-301F-11D3-BF4B-00C04F79EFBC}") = "Curso_Api", "Curso_Api\Curso_Api.csproj", "{EBFEC548-01E3-416B-A887-A41CD163C5FA}"
EndProject
Project("{FAE04EC0-301F-11D3-BF4B-00C04F79EFBC}") = "ScreenSound", "ScreenSound\ScreenSound.csproj", "{02F44A16-3DD3-405E-A004-FCBE7CB78FD7}"
EndProject
Project("{FAE04EC0-301F-11D3-BF4B-00C04F79EFBC}") = "ScreenSound.API", "ScreenSound.API\ScreenSound.API.csproj", "{30D162BA-B160-4E1B-89B0-7CF17FCB9D8B}"
EndProject
Project("{FAE04EC0-301F-11D3-BF4B-00C04F79EFBC}") = "ScreenSound.Shared.Dados", "ScreenSound.Shared.Dados\ScreenSound.Shared.Dados.csproj", "{05B2E8CB-5712-4176-AA35-FD2E2AACC1A4}"
EndProject
Project("{FAE04EC0-301F-11D3-BF4B-00C04F79EFBC}") = "ScreenSound.Shared.Modelos", "ScreenSound.Shared.Modelos\ScreenSound.Shared.Modelos.csproj", "{2BFD6E9A-ECEE-4E72-BF46-D7D7FF3A4FFC}"
EndProject
Project("{FAE04EC0-301F-11D3-BF4B-00C04F79EFBC}") = "Musicas", "Logica_programacao\Ex38 - Linq_Musicas\Musicas\Musicas\Musicas.csproj", "{6DAA2B0C-B28C-46CE-9864-53D4748A2391}"
EndProject
Global
	GlobalSection(SolutionConfigurationPlatforms) = preSolution
		Debug|Any CPU = Debug|Any CPU
		Release|Any CPU = Release|Any CPU
	EndGlobalSection
	GlobalSection(ProjectConfigurationPlatforms) = postSolution
		{C913CE27-35B1-4DF6-8E83-D3F05EF78D8D}.Debug|Any CPU.ActiveCfg = Debug|Any CPU
		{C913CE27-35B1-4DF6-8E83-D3F05EF78D8D}.Debug|Any CPU.Build.0 = Debug|Any CPU
		{C913CE27-35B1-4DF6-8E83-D3F05EF78D8D}.Release|Any CPU.ActiveCfg = Release|Any CPU
		{C913CE27-35B1-4DF6-8E83-D3F05EF78D8D}.Release|Any CPU.Build.0 = Release|Any CPU
		{179E3533-2C07-4904-8386-15E463CDC908}.Debug|Any CPU.ActiveCfg = Debug|Any CPU
		{179E3533-2C07-4904-8386-15E463CDC908}.Debug|Any CPU.Build.0 = Debug|Any CPU
		{179E3533-2C07-4904-8386-15E463CDC908}.Release|Any CPU.ActiveCfg = Release|Any CPU
		{179E3533-2C07-4904-8386-15E463CDC908}.Release|Any CPU.Build.0 = Release|Any CPU
		{A38E6B6D-39BF-4D4D-8D86-72AA93256124}.Debug|Any CPU.ActiveCfg = Debug|Any CPU
		{A38E6B6D-39BF-4D4D-8D86-72AA93256124}.Debug|Any CPU.Build.0 = Debug|Any CPU
		{A38E6B6D-39BF-4D4D-8D86-72AA93256124}.Release|Any CPU.ActiveCfg = Release|Any CPU
		{A38E6B6D-39BF-4D4D-8D86-72AA93256124}.Release|Any CPU.Build.0 = Release|Any CPU
		{42F51FA9-5961-46CF-B55C-B035A12E8A7B}.Debug|Any CPU.ActiveCfg = Debug|Any CPU
		{42F51FA9-5961-46CF-B55C-B035A12E8A7B}.Debug|Any CPU.Build.0 = Debug|Any CPU
		{42F51FA9-5961-46CF-B55C-B035A12E8A7B}.Release|Any CPU.ActiveCfg = Release|Any CPU
		{42F51FA9-5961-46CF-B55C-B035A12E8A7B}.Release|Any CPU.Build.0 = Release|Any CPU
		{BC386413-1D4B-476B-B417-4BB8B30BA1EC}.Debug|Any CPU.ActiveCfg = Debug|Any CPU
		{BC386413-1D4B-476B-B417-4BB8B30BA1EC}.Debug|Any CPU.Build.0 = Debug|Any CPU
		{BC386413-1D4B-476B-B417-4BB8B30BA1EC}.Release|Any CPU.ActiveCfg = Release|Any CPU
		{BC386413-1D4B-476B-B417-4BB8B30BA1EC}.Release|Any CPU.Build.0 = Release|Any CPU
		{7B707A82-B025-4C70-8852-05AB38A3CF0C}.Debug|Any CPU.ActiveCfg = Debug|Any CPU
		{7B707A82-B025-4C70-8852-05AB38A3CF0C}.Debug|Any CPU.Build.0 = Debug|Any CPU
		{7B707A82-B025-4C70-8852-05AB38A3CF0C}.Release|Any CPU.ActiveCfg = Release|Any CPU
		{7B707A82-B025-4C70-8852-05AB38A3CF0C}.Release|Any CPU.Build.0 = Release|Any CPU
		{59C97F17-8309-46D1-BACD-42E668565213}.Debug|Any CPU.ActiveCfg = Debug|Any CPU
		{59C97F17-8309-46D1-BACD-42E668565213}.Debug|Any CPU.Build.0 = Debug|Any CPU
		{59C97F17-8309-46D1-BACD-42E668565213}.Release|Any CPU.ActiveCfg = Release|Any CPU
		{59C97F17-8309-46D1-BACD-42E668565213}.Release|Any CPU.Build.0 = Release|Any CPU
		{129F2BD5-A69F-4587-AC5D-B4F5AAFA0A16}.Debug|Any CPU.ActiveCfg = Debug|Any CPU
		{129F2BD5-A69F-4587-AC5D-B4F5AAFA0A16}.Debug|Any CPU.Build.0 = Debug|Any CPU
		{129F2BD5-A69F-4587-AC5D-B4F5AAFA0A16}.Release|Any CPU.ActiveCfg = Release|Any CPU
		{129F2BD5-A69F-4587-AC5D-B4F5AAFA0A16}.Release|Any CPU.Build.0 = Release|Any CPU
		{089C9C73-4FA0-4301-8471-5AB6C060614C}.Debug|Any CPU.ActiveCfg = Debug|Any CPU
		{089C9C73-4FA0-4301-8471-5AB6C060614C}.Debug|Any CPU.Build.0 = Debug|Any CPU
		{089C9C73-4FA0-4301-8471-5AB6C060614C}.Release|Any CPU.ActiveCfg = Release|Any CPU
		{089C9C73-4FA0-4301-8471-5AB6C060614C}.Release|Any CPU.Build.0 = Release|Any CPU
		{87F8D1C5-A1ED-4BBC-A710-42C69F651DC7}.Debug|Any CPU.ActiveCfg = Debug|Any CPU
		{87F8D1C5-A1ED-4BBC-A710-42C69F651DC7}.Debug|Any CPU.Build.0 = Debug|Any CPU
		{87F8D1C5-A1ED-4BBC-A710-42C69F651DC7}.Release|Any CPU.ActiveCfg = Release|Any CPU
		{87F8D1C5-A1ED-4BBC-A710-42C69F651DC7}.Release|Any CPU.Build.0 = Release|Any CPU
		{EC27AC81-9761-4EE0-A4B6-81FD2E19C1DE}.Debug|Any CPU.ActiveCfg = Debug|Any CPU
		{EC27AC81-9761-4EE0-A4B6-81FD2E19C1DE}.Debug|Any CPU.Build.0 = Debug|Any CPU
		{EC27AC81-9761-4EE0-A4B6-81FD2E19C1DE}.Release|Any CPU.ActiveCfg = Release|Any CPU
		{EC27AC81-9761-4EE0-A4B6-81FD2E19C1DE}.Release|Any CPU.Build.0 = Release|Any CPU
		{7AE4CD27-478A-4129-8EA2-ACE573F8301F}.Debug|Any CPU.ActiveCfg = Debug|Any CPU
		{7AE4CD27-478A-4129-8EA2-ACE573F8301F}.Debug|Any CPU.Build.0 = Debug|Any CPU
		{7AE4CD27-478A-4129-8EA2-ACE573F8301F}.Release|Any CPU.ActiveCfg = Release|Any CPU
		{7AE4CD27-478A-4129-8EA2-ACE573F8301F}.Release|Any CPU.Build.0 = Release|Any CPU
		{34CE9989-3779-4442-B342-F4E65336014C}.Debug|Any CPU.ActiveCfg = Debug|Any CPU
		{34CE9989-3779-4442-B342-F4E65336014C}.Debug|Any CPU.Build.0 = Debug|Any CPU
		{34CE9989-3779-4442-B342-F4E65336014C}.Release|Any CPU.ActiveCfg = Release|Any CPU
		{34CE9989-3779-4442-B342-F4E65336014C}.Release|Any CPU.Build.0 = Release|Any CPU
		{0EEEB5E7-E4CC-41B9-924D-7F91D6E6DC04}.Debug|Any CPU.ActiveCfg = Debug|Any CPU
		{0EEEB5E7-E4CC-41B9-924D-7F91D6E6DC04}.Debug|Any CPU.Build.0 = Debug|Any CPU
		{0EEEB5E7-E4CC-41B9-924D-7F91D6E6DC04}.Release|Any CPU.ActiveCfg = Release|Any CPU
		{0EEEB5E7-E4CC-41B9-924D-7F91D6E6DC04}.Release|Any CPU.Build.0 = Release|Any CPU
		{2E5FB6AA-66A0-4443-8ADC-2453D532C202}.Debug|Any CPU.ActiveCfg = Debug|Any CPU
		{2E5FB6AA-66A0-4443-8ADC-2453D532C202}.Debug|Any CPU.Build.0 = Debug|Any CPU
		{2E5FB6AA-66A0-4443-8ADC-2453D532C202}.Release|Any CPU.ActiveCfg = Release|Any CPU
		{2E5FB6AA-66A0-4443-8ADC-2453D532C202}.Release|Any CPU.Build.0 = Release|Any CPU
		{757ECD68-CF11-42C9-BC84-62B2BAC864A6}.Debug|Any CPU.ActiveCfg = Debug|Any CPU
		{757ECD68-CF11-42C9-BC84-62B2BAC864A6}.Debug|Any CPU.Build.0 = Debug|Any CPU
		{757ECD68-CF11-42C9-BC84-62B2BAC864A6}.Release|Any CPU.ActiveCfg = Release|Any CPU
		{757ECD68-CF11-42C9-BC84-62B2BAC864A6}.Release|Any CPU.Build.0 = Release|Any CPU
		{23944470-CFC7-43A8-A396-357285839781}.Debug|Any CPU.ActiveCfg = Debug|Any CPU
		{23944470-CFC7-43A8-A396-357285839781}.Debug|Any CPU.Build.0 = Debug|Any CPU
		{23944470-CFC7-43A8-A396-357285839781}.Release|Any CPU.ActiveCfg = Release|Any CPU
		{23944470-CFC7-43A8-A396-357285839781}.Release|Any CPU.Build.0 = Release|Any CPU
		{C87ABBC0-5E9D-4859-A455-31D02706AD6D}.Debug|Any CPU.ActiveCfg = Debug|Any CPU
		{C87ABBC0-5E9D-4859-A455-31D02706AD6D}.Debug|Any CPU.Build.0 = Debug|Any CPU
		{C87ABBC0-5E9D-4859-A455-31D02706AD6D}.Release|Any CPU.ActiveCfg = Release|Any CPU
		{C87ABBC0-5E9D-4859-A455-31D02706AD6D}.Release|Any CPU.Build.0 = Release|Any CPU
		{A846ABF8-C6AD-433B-B650-0737431443CF}.Debug|Any CPU.ActiveCfg = Debug|Any CPU
		{A846ABF8-C6AD-433B-B650-0737431443CF}.Debug|Any CPU.Build.0 = Debug|Any CPU
		{A846ABF8-C6AD-433B-B650-0737431443CF}.Release|Any CPU.ActiveCfg = Release|Any CPU
		{A846ABF8-C6AD-433B-B650-0737431443CF}.Release|Any CPU.Build.0 = Release|Any CPU
		{B831FBE5-8E7F-43AB-B579-BCD6AC807DC7}.Debug|Any CPU.ActiveCfg = Debug|Any CPU
		{B831FBE5-8E7F-43AB-B579-BCD6AC807DC7}.Debug|Any CPU.Build.0 = Debug|Any CPU
		{B831FBE5-8E7F-43AB-B579-BCD6AC807DC7}.Release|Any CPU.ActiveCfg = Release|Any CPU
		{B831FBE5-8E7F-43AB-B579-BCD6AC807DC7}.Release|Any CPU.Build.0 = Release|Any CPU
		{29AD7362-B763-47A4-A19B-D33AB48AF158}.Debug|Any CPU.ActiveCfg = Debug|Any CPU
		{29AD7362-B763-47A4-A19B-D33AB48AF158}.Debug|Any CPU.Build.0 = Debug|Any CPU
		{29AD7362-B763-47A4-A19B-D33AB48AF158}.Release|Any CPU.ActiveCfg = Release|Any CPU
		{29AD7362-B763-47A4-A19B-D33AB48AF158}.Release|Any CPU.Build.0 = Release|Any CPU
		{EBFEC548-01E3-416B-A887-A41CD163C5FA}.Debug|Any CPU.ActiveCfg = Debug|Any CPU
		{EBFEC548-01E3-416B-A887-A41CD163C5FA}.Debug|Any CPU.Build.0 = Debug|Any CPU
		{EBFEC548-01E3-416B-A887-A41CD163C5FA}.Release|Any CPU.ActiveCfg = Release|Any CPU
		{EBFEC548-01E3-416B-A887-A41CD163C5FA}.Release|Any CPU.Build.0 = Release|Any CPU
		{02F44A16-3DD3-405E-A004-FCBE7CB78FD7}.Debug|Any CPU.ActiveCfg = Debug|Any CPU
		{02F44A16-3DD3-405E-A004-FCBE7CB78FD7}.Debug|Any CPU.Build.0 = Debug|Any CPU
		{02F44A16-3DD3-405E-A004-FCBE7CB78FD7}.Release|Any CPU.ActiveCfg = Release|Any CPU
		{02F44A16-3DD3-405E-A004-FCBE7CB78FD7}.Release|Any CPU.Build.0 = Release|Any CPU
		{30D162BA-B160-4E1B-89B0-7CF17FCB9D8B}.Debug|Any CPU.ActiveCfg = Debug|Any CPU
		{30D162BA-B160-4E1B-89B0-7CF17FCB9D8B}.Debug|Any CPU.Build.0 = Debug|Any CPU
		{30D162BA-B160-4E1B-89B0-7CF17FCB9D8B}.Release|Any CPU.ActiveCfg = Release|Any CPU
		{30D162BA-B160-4E1B-89B0-7CF17FCB9D8B}.Release|Any CPU.Build.0 = Release|Any CPU
		{05B2E8CB-5712-4176-AA35-FD2E2AACC1A4}.Debug|Any CPU.ActiveCfg = Debug|Any CPU
		{05B2E8CB-5712-4176-AA35-FD2E2AACC1A4}.Debug|Any CPU.Build.0 = Debug|Any CPU
		{05B2E8CB-5712-4176-AA35-FD2E2AACC1A4}.Release|Any CPU.ActiveCfg = Release|Any CPU
		{05B2E8CB-5712-4176-AA35-FD2E2AACC1A4}.Release|Any CPU.Build.0 = Release|Any CPU
		{2BFD6E9A-ECEE-4E72-BF46-D7D7FF3A4FFC}.Debug|Any CPU.ActiveCfg = Debug|Any CPU
		{2BFD6E9A-ECEE-4E72-BF46-D7D7FF3A4FFC}.Debug|Any CPU.Build.0 = Debug|Any CPU
		{2BFD6E9A-ECEE-4E72-BF46-D7D7FF3A4FFC}.Release|Any CPU.ActiveCfg = Release|Any CPU
		{2BFD6E9A-ECEE-4E72-BF46-D7D7FF3A4FFC}.Release|Any CPU.Build.0 = Release|Any CPU
		{6DAA2B0C-B28C-46CE-9864-53D4748A2391}.Debug|Any CPU.ActiveCfg = Debug|Any CPU
		{6DAA2B0C-B28C-46CE-9864-53D4748A2391}.Debug|Any CPU.Build.0 = Debug|Any CPU
		{6DAA2B0C-B28C-46CE-9864-53D4748A2391}.Release|Any CPU.ActiveCfg = Release|Any CPU
		{6DAA2B0C-B28C-46CE-9864-53D4748A2391}.Release|Any CPU.Build.0 = Release|Any CPU
	EndGlobalSection
	GlobalSection(SolutionProperties) = preSolution
		HideSolutionNode = FALSE
	EndGlobalSection
	GlobalSection(NestedProjects) = preSolution
		{CCB84943-BEBE-4451-924B-93E2EFE84813} = {E0F65464-1DEF-4DC4-8AF3-F6791D49F9AC}
		{C913CE27-35B1-4DF6-8E83-D3F05EF78D8D} = {CCB84943-BEBE-4451-924B-93E2EFE84813}
		{578DF6B5-4BC6-4B08-8F63-1BCB3FB1FB1C} = {E0F65464-1DEF-4DC4-8AF3-F6791D49F9AC}
		{179E3533-2C07-4904-8386-15E463CDC908} = {578DF6B5-4BC6-4B08-8F63-1BCB3FB1FB1C}
		{C88B9082-FFDB-4EBC-890E-4D34AD4A80DE} = {E0F65464-1DEF-4DC4-8AF3-F6791D49F9AC}
		{A38E6B6D-39BF-4D4D-8D86-72AA93256124} = {C88B9082-FFDB-4EBC-890E-4D34AD4A80DE}
		{95E3D6E3-D056-4F8C-A38E-6D709A9BD3BB} = {E0F65464-1DEF-4DC4-8AF3-F6791D49F9AC}
		{42F51FA9-5961-46CF-B55C-B035A12E8A7B} = {95E3D6E3-D056-4F8C-A38E-6D709A9BD3BB}
		{A58EDEC5-C06E-4255-962C-C739E8E12DA1} = {E0F65464-1DEF-4DC4-8AF3-F6791D49F9AC}
		{BC386413-1D4B-476B-B417-4BB8B30BA1EC} = {A58EDEC5-C06E-4255-962C-C739E8E12DA1}
		{88ABA05D-17CB-4FDB-986A-EDA59D1526E5} = {E0F65464-1DEF-4DC4-8AF3-F6791D49F9AC}
		{7B707A82-B025-4C70-8852-05AB38A3CF0C} = {88ABA05D-17CB-4FDB-986A-EDA59D1526E5}
		{1229370F-5CDE-4731-B949-332A09584B62} = {E0F65464-1DEF-4DC4-8AF3-F6791D49F9AC}
		{59C97F17-8309-46D1-BACD-42E668565213} = {1229370F-5CDE-4731-B949-332A09584B62}
		{B9F4EB20-5BFC-4866-A039-B038346E9A88} = {E0F65464-1DEF-4DC4-8AF3-F6791D49F9AC}
		{129F2BD5-A69F-4587-AC5D-B4F5AAFA0A16} = {B9F4EB20-5BFC-4866-A039-B038346E9A88}
		{608AE608-E888-467D-8D1F-40F90C015D05} = {E0F65464-1DEF-4DC4-8AF3-F6791D49F9AC}
		{089C9C73-4FA0-4301-8471-5AB6C060614C} = {608AE608-E888-467D-8D1F-40F90C015D05}
		{7F261A1C-8BA1-4ED0-BD81-FF30A28E3832} = {E0F65464-1DEF-4DC4-8AF3-F6791D49F9AC}
		{87F8D1C5-A1ED-4BBC-A710-42C69F651DC7} = {7F261A1C-8BA1-4ED0-BD81-FF30A28E3832}
		{94C9C143-2CB2-4964-814A-158CBF4CCBED} = {E0F65464-1DEF-4DC4-8AF3-F6791D49F9AC}
		{EC27AC81-9761-4EE0-A4B6-81FD2E19C1DE} = {94C9C143-2CB2-4964-814A-158CBF4CCBED}
		{53F280B6-7A09-46DE-9557-A17EE3BA9692} = {E0F65464-1DEF-4DC4-8AF3-F6791D49F9AC}
		{7AE4CD27-478A-4129-8EA2-ACE573F8301F} = {53F280B6-7A09-46DE-9557-A17EE3BA9692}
		{2E44E01E-EAF5-4C0A-8FF2-AAA343C7D62B} = {E0F65464-1DEF-4DC4-8AF3-F6791D49F9AC}
		{34CE9989-3779-4442-B342-F4E65336014C} = {2E44E01E-EAF5-4C0A-8FF2-AAA343C7D62B}
		{1603BB23-D473-4059-80F4-AA31CB7BCD34} = {E0F65464-1DEF-4DC4-8AF3-F6791D49F9AC}
		{0EEEB5E7-E4CC-41B9-924D-7F91D6E6DC04} = {1603BB23-D473-4059-80F4-AA31CB7BCD34}
		{B7852605-43A0-438E-A5BA-69C66541D04B} = {E0F65464-1DEF-4DC4-8AF3-F6791D49F9AC}
		{2E5FB6AA-66A0-4443-8ADC-2453D532C202} = {B7852605-43A0-438E-A5BA-69C66541D04B}
		{757ECD68-CF11-42C9-BC84-62B2BAC864A6} = {E0F65464-1DEF-4DC4-8AF3-F6791D49F9AC}
		{86D7259A-D460-44AC-8092-97CB9B66A9BF} = {E0F65464-1DEF-4DC4-8AF3-F6791D49F9AC}
		{23944470-CFC7-43A8-A396-357285839781} = {86D7259A-D460-44AC-8092-97CB9B66A9BF}
		{3E8DCA90-1A15-41E5-B603-A315684D86E7} = {E0F65464-1DEF-4DC4-8AF3-F6791D49F9AC}
		{C87ABBC0-5E9D-4859-A455-31D02706AD6D} = {E0F65464-1DEF-4DC4-8AF3-F6791D49F9AC}
		{2A2CF816-5C8D-49B7-82F9-E6B256729D52} = {E0F65464-1DEF-4DC4-8AF3-F6791D49F9AC}
		{A846ABF8-C6AD-433B-B650-0737431443CF} = {2A2CF816-5C8D-49B7-82F9-E6B256729D52}
		{B831FBE5-8E7F-43AB-B579-BCD6AC807DC7} = {E0F65464-1DEF-4DC4-8AF3-F6791D49F9AC}
		{49905478-2ADE-4993-A4C5-987AC124A222} = {E0F65464-1DEF-4DC4-8AF3-F6791D49F9AC}
		{29AD7362-B763-47A4-A19B-D33AB48AF158} = {49905478-2ADE-4993-A4C5-987AC124A222}
		{6DAA2B0C-B28C-46CE-9864-53D4748A2391} = {E0F65464-1DEF-4DC4-8AF3-F6791D49F9AC}
	EndGlobalSection
EndGlobal
